// !$*UTF8*$!
{
	archiveVersion = 1;
	classes = {
	};
	objectVersion = 56;
	objects = {

/* Begin PBXBuildFile section */
		CE034DAF2C43CE8C003477CD /* RainbowBorder.swift in Sources */ = {isa = PBXBuildFile; fileRef = CE034DAE2C43CE8C003477CD /* RainbowBorder.swift */; };
		CED74BD62C3ECC7A0094BA5F /* Letter_QuestApp.swift in Sources */ = {isa = PBXBuildFile; fileRef = CED74BD52C3ECC7A0094BA5F /* Letter_QuestApp.swift */; };
		CED74BD82C3ECC7A0094BA5F /* ContentView.swift in Sources */ = {isa = PBXBuildFile; fileRef = CED74BD72C3ECC7A0094BA5F /* ContentView.swift */; };
		CED74BDA2C3ECC7B0094BA5F /* Assets.xcassets in Resources */ = {isa = PBXBuildFile; fileRef = CED74BD92C3ECC7B0094BA5F /* Assets.xcassets */; };
		CED74BDD2C3ECC7B0094BA5F /* Preview Assets.xcassets in Resources */ = {isa = PBXBuildFile; fileRef = CED74BDC2C3ECC7B0094BA5F /* Preview Assets.xcassets */; };
		CED74BE42C3ECD020094BA5F /* LevelsView.swift in Sources */ = {isa = PBXBuildFile; fileRef = CED74BE32C3ECD020094BA5F /* LevelsView.swift */; };
		CED74BE62C3ECD1A0094BA5F /* GameView.swift in Sources */ = {isa = PBXBuildFile; fileRef = CED74BE52C3ECD1A0094BA5F /* GameView.swift */; };
		CED74BE82C3ECDC00094BA5F /* SpriteKitContainer.swift in Sources */ = {isa = PBXBuildFile; fileRef = CED74BE72C3ECDC00094BA5F /* SpriteKitContainer.swift */; };
		CED74BEA2C3ECFA70094BA5F /* Level.swift in Sources */ = {isa = PBXBuildFile; fileRef = CED74BE92C3ECFA70094BA5F /* Level.swift */; };
		CED74BEC2C3ED3870094BA5F /* GameScene.swift in Sources */ = {isa = PBXBuildFile; fileRef = CED74BEB2C3ED3870094BA5F /* GameScene.swift */; };
		CED74BF92C43BB0C0094BA5F /* MyScene.sks in Resources */ = {isa = PBXBuildFile; fileRef = CED74BF82C43BB0C0094BA5F /* MyScene.sks */; };
/* End PBXBuildFile section */

/* Begin PBXFileReference section */
		CE034DAE2C43CE8C003477CD /* RainbowBorder.swift */ = {isa = PBXFileReference; lastKnownFileType = sourcecode.swift; path = RainbowBorder.swift; sourceTree = "<group>"; };
		CED74BD22C3ECC7A0094BA5F /* Letter Quest.app */ = {isa = PBXFileReference; explicitFileType = wrapper.application; includeInIndex = 0; path = "Letter Quest.app"; sourceTree = BUILT_PRODUCTS_DIR; };
		CED74BD52C3ECC7A0094BA5F /* Letter_QuestApp.swift */ = {isa = PBXFileReference; lastKnownFileType = sourcecode.swift; path = Letter_QuestApp.swift; sourceTree = "<group>"; };
		CED74BD72C3ECC7A0094BA5F /* ContentView.swift */ = {isa = PBXFileReference; lastKnownFileType = sourcecode.swift; path = ContentView.swift; sourceTree = "<group>"; };
		CED74BD92C3ECC7B0094BA5F /* Assets.xcassets */ = {isa = PBXFileReference; lastKnownFileType = folder.assetcatalog; path = Assets.xcassets; sourceTree = "<group>"; };
		CED74BDC2C3ECC7B0094BA5F /* Preview Assets.xcassets */ = {isa = PBXFileReference; lastKnownFileType = folder.assetcatalog; path = "Preview Assets.xcassets"; sourceTree = "<group>"; };
		CED74BE32C3ECD020094BA5F /* LevelsView.swift */ = {isa = PBXFileReference; lastKnownFileType = sourcecode.swift; path = LevelsView.swift; sourceTree = "<group>"; };
		CED74BE52C3ECD1A0094BA5F /* GameView.swift */ = {isa = PBXFileReference; lastKnownFileType = sourcecode.swift; path = GameView.swift; sourceTree = "<group>"; };
		CED74BE72C3ECDC00094BA5F /* SpriteKitContainer.swift */ = {isa = PBXFileReference; lastKnownFileType = sourcecode.swift; path = SpriteKitContainer.swift; sourceTree = "<group>"; };
		CED74BE92C3ECFA70094BA5F /* Level.swift */ = {isa = PBXFileReference; lastKnownFileType = sourcecode.swift; path = Level.swift; sourceTree = "<group>"; };
		CED74BEB2C3ED3870094BA5F /* GameScene.swift */ = {isa = PBXFileReference; lastKnownFileType = sourcecode.swift; path = GameScene.swift; sourceTree = "<group>"; };
		CED74BF82C43BB0C0094BA5F /* MyScene.sks */ = {isa = PBXFileReference; lastKnownFileType = file.sks; path = MyScene.sks; sourceTree = "<group>"; };
/* End PBXFileReference section */

/* Begin PBXFrameworksBuildPhase section */
		CED74BCF2C3ECC7A0094BA5F /* Frameworks */ = {
			isa = PBXFrameworksBuildPhase;
			buildActionMask = 2147483647;
			files = (
			);
			runOnlyForDeploymentPostprocessing = 0;
		};
/* End PBXFrameworksBuildPhase section */

/* Begin PBXGroup section */
		CED74BC92C3ECC7A0094BA5F = {
			isa = PBXGroup;
			children = (
				CED74BD42C3ECC7A0094BA5F /* Letter Quest */,
				CED74BD32C3ECC7A0094BA5F /* Products */,
			);
			sourceTree = "<group>";
		};
		CED74BD32C3ECC7A0094BA5F /* Products */ = {
			isa = PBXGroup;
			children = (
				CED74BD22C3ECC7A0094BA5F /* Letter Quest.app */,
			);
			name = Products;
			sourceTree = "<group>";
		};
		CED74BD42C3ECC7A0094BA5F /* Letter Quest */ = {
			isa = PBXGroup;
			children = (
				CED74BD52C3ECC7A0094BA5F /* Letter_QuestApp.swift */,
				CED74BD72C3ECC7A0094BA5F /* ContentView.swift */,
				CED74BD92C3ECC7B0094BA5F /* Assets.xcassets */,
				CED74BDB2C3ECC7B0094BA5F /* Preview Content */,
				CED74BE32C3ECD020094BA5F /* LevelsView.swift */,
				CED74BE52C3ECD1A0094BA5F /* GameView.swift */,
				CED74BE72C3ECDC00094BA5F /* SpriteKitContainer.swift */,
				CED74BE92C3ECFA70094BA5F /* Level.swift */,
				CED74BEB2C3ED3870094BA5F /* GameScene.swift */,
				CED74BF82C43BB0C0094BA5F /* MyScene.sks */,
				CE034DAE2C43CE8C003477CD /* RainbowBorder.swift */,
			);
			path = "Letter Quest";
			sourceTree = "<group>";
		};
		CED74BDB2C3ECC7B0094BA5F /* Preview Content */ = {
			isa = PBXGroup;
			children = (
				CED74BDC2C3ECC7B0094BA5F /* Preview Assets.xcassets */,
			);
			path = "Preview Content";
			sourceTree = "<group>";
		};
/* End PBXGroup section */

/* Begin PBXNativeTarget section */
		CED74BD12C3ECC7A0094BA5F /* Letter Quest */ = {
			isa = PBXNativeTarget;
			buildConfigurationList = CED74BE02C3ECC7B0094BA5F /* Build configuration list for PBXNativeTarget "Letter Quest" */;
			buildPhases = (
				CED74BCE2C3ECC7A0094BA5F /* Sources */,
				CED74BCF2C3ECC7A0094BA5F /* Frameworks */,
				CED74BD02C3ECC7A0094BA5F /* Resources */,
			);
			buildRules = (
			);
			dependencies = (
			);
			name = "Letter Quest";
			productName = "Letter Quest";
			productReference = CED74BD22C3ECC7A0094BA5F /* Letter Quest.app */;
			productType = "com.apple.product-type.application";
		};
/* End PBXNativeTarget section */

/* Begin PBXProject section */
		CED74BCA2C3ECC7A0094BA5F /* Project object */ = {
			isa = PBXProject;
			attributes = {
				BuildIndependentTargetsInParallel = 1;
				LastSwiftUpdateCheck = 1540;
				LastUpgradeCheck = 1540;
				TargetAttributes = {
					CED74BD12C3ECC7A0094BA5F = {
						CreatedOnToolsVersion = 15.4;
					};
				};
			};
			buildConfigurationList = CED74BCD2C3ECC7A0094BA5F /* Build configuration list for PBXProject "Letter Quest" */;
			compatibilityVersion = "Xcode 14.0";
			developmentRegion = en;
			hasScannedForEncodings = 0;
			knownRegions = (
				en,
				Base,
			);
			mainGroup = CED74BC92C3ECC7A0094BA5F;
			productRefGroup = CED74BD32C3ECC7A0094BA5F /* Products */;
			projectDirPath = "";
			projectRoot = "";
			targets = (
				CED74BD12C3ECC7A0094BA5F /* Letter Quest */,
			);
		};
/* End PBXProject section */

/* Begin PBXResourcesBuildPhase section */
		CED74BD02C3ECC7A0094BA5F /* Resources */ = {
			isa = PBXResourcesBuildPhase;
			buildActionMask = 2147483647;
			files = (
				CED74BDD2C3ECC7B0094BA5F /* Preview Assets.xcassets in Resources */,
				CED74BF92C43BB0C0094BA5F /* MyScene.sks in Resources */,
				CED74BDA2C3ECC7B0094BA5F /* Assets.xcassets in Resources */,
			);
			runOnlyForDeploymentPostprocessing = 0;
		};
/* End PBXResourcesBuildPhase section */

/* Begin PBXSourcesBuildPhase section */
		CED74BCE2C3ECC7A0094BA5F /* Sources */ = {
			isa = PBXSourcesBuildPhase;
			buildActionMask = 2147483647;
			files = (
				CED74BEA2C3ECFA70094BA5F /* Level.swift in Sources */,
				CED74BE82C3ECDC00094BA5F /* SpriteKitContainer.swift in Sources */,
				CED74BD82C3ECC7A0094BA5F /* ContentView.swift in Sources */,
				CED74BE42C3ECD020094BA5F /* LevelsView.swift in Sources */,
				CED74BE62C3ECD1A0094BA5F /* GameView.swift in Sources */,
				CED74BEC2C3ED3870094BA5F /* GameScene.swift in Sources */,
				CE034DAF2C43CE8C003477CD /* RainbowBorder.swift in Sources */,
				CED74BD62C3ECC7A0094BA5F /* Letter_QuestApp.swift in Sources */,
			);
			runOnlyForDeploymentPostprocessing = 0;
		};
/* End PBXSourcesBuildPhase section */

/* Begin XCBuildConfiguration section */
		CED74BDE2C3ECC7B0094BA5F /* Debug */ = {
			isa = XCBuildConfiguration;
			buildSettings = {
				ALWAYS_SEARCH_USER_PATHS = NO;
				ASSETCATALOG_COMPILER_GENERATE_SWIFT_ASSET_SYMBOL_EXTENSIONS = YES;
				CLANG_ANALYZER_NONNULL = YES;
				CLANG_ANALYZER_NUMBER_OBJECT_CONVERSION = YES_AGGRESSIVE;
				CLANG_CXX_LANGUAGE_STANDARD = "gnu++20";
				CLANG_ENABLE_MODULES = YES;
				CLANG_ENABLE_OBJC_ARC = YES;
				CLANG_ENABLE_OBJC_WEAK = YES;
				CLANG_WARN_BLOCK_CAPTURE_AUTORELEASING = YES;
				CLANG_WARN_BOOL_CONVERSION = YES;
				CLANG_WARN_COMMA = YES;
				CLANG_WARN_CONSTANT_CONVERSION = YES;
				CLANG_WARN_DEPRECATED_OBJC_IMPLEMENTATIONS = YES;
				CLANG_WARN_DIRECT_OBJC_ISA_USAGE = YES_ERROR;
				CLANG_WARN_DOCUMENTATION_COMMENTS = YES;
				CLANG_WARN_EMPTY_BODY = YES;
				CLANG_WARN_ENUM_CONVERSION = YES;
				CLANG_WARN_INFINITE_RECURSION = YES;
				CLANG_WARN_INT_CONVERSION = YES;
				CLANG_WARN_NON_LITERAL_NULL_CONVERSION = YES;
				CLANG_WARN_OBJC_IMPLICIT_RETAIN_SELF = YES;
				CLANG_WARN_OBJC_LITERAL_CONVERSION = YES;
				CLANG_WARN_OBJC_ROOT_CLASS = YES_ERROR;
				CLANG_WARN_QUOTED_INCLUDE_IN_FRAMEWORK_HEADER = YES;
				CLANG_WARN_RANGE_LOOP_ANALYSIS = YES;
				CLANG_WARN_STRICT_PROTOTYPES = YES;
				CLANG_WARN_SUSPICIOUS_MOVE = YES;
				CLANG_WARN_UNGUARDED_AVAILABILITY = YES_AGGRESSIVE;
				CLANG_WARN_UNREACHABLE_CODE = YES;
				CLANG_WARN__DUPLICATE_METHOD_MATCH = YES;
				COPY_PHASE_STRIP = NO;
				DEBUG_INFORMATION_FORMAT = dwarf;
				ENABLE_STRICT_OBJC_MSGSEND = YES;
				ENABLE_TESTABILITY = YES;
				ENABLE_USER_SCRIPT_SANDBOXING = YES;
				GCC_C_LANGUAGE_STANDARD = gnu17;
				GCC_DYNAMIC_NO_PIC = NO;
				GCC_NO_COMMON_BLOCKS = YES;
				GCC_OPTIMIZATION_LEVEL = 0;
				GCC_PREPROCESSOR_DEFINITIONS = (
					"DEBUG=1",
					"$(inherited)",
				);
				GCC_WARN_64_TO_32_BIT_CONVERSION = YES;
				GCC_WARN_ABOUT_RETURN_TYPE = YES_ERROR;
				GCC_WARN_UNDECLARED_SELECTOR = YES;
				GCC_WARN_UNINITIALIZED_AUTOS = YES_AGGRESSIVE;
				GCC_WARN_UNUSED_FUNCTION = YES;
				GCC_WARN_UNUSED_VARIABLE = YES;
				IPHONEOS_DEPLOYMENT_TARGET = 17.5;
				LOCALIZATION_PREFERS_STRING_CATALOGS = YES;
				MTL_ENABLE_DEBUG_INFO = INCLUDE_SOURCE;
				MTL_FAST_MATH = YES;
				ONLY_ACTIVE_ARCH = YES;
				SDKROOT = iphoneos;
				SWIFT_ACTIVE_COMPILATION_CONDITIONS = "DEBUG $(inherited)";
				SWIFT_OPTIMIZATION_LEVEL = "-Onone";
			};
			name = Debug;
		};
		CED74BDF2C3ECC7B0094BA5F /* Release */ = {
			isa = XCBuildConfiguration;
			buildSettings = {
				ALWAYS_SEARCH_USER_PATHS = NO;
				ASSETCATALOG_COMPILER_GENERATE_SWIFT_ASSET_SYMBOL_EXTENSIONS = YES;
				CLANG_ANALYZER_NONNULL = YES;
				CLANG_ANALYZER_NUMBER_OBJECT_CONVERSION = YES_AGGRESSIVE;
				CLANG_CXX_LANGUAGE_STANDARD = "gnu++20";
				CLANG_ENABLE_MODULES = YES;
				CLANG_ENABLE_OBJC_ARC = YES;
				CLANG_ENABLE_OBJC_WEAK = YES;
				CLANG_WARN_BLOCK_CAPTURE_AUTORELEASING = YES;
				CLANG_WARN_BOOL_CONVERSION = YES;
				CLANG_WARN_COMMA = YES;
				CLANG_WARN_CONSTANT_CONVERSION = YES;
				CLANG_WARN_DEPRECATED_OBJC_IMPLEMENTATIONS = YES;
				CLANG_WARN_DIRECT_OBJC_ISA_USAGE = YES_ERROR;
				CLANG_WARN_DOCUMENTATION_COMMENTS = YES;
				CLANG_WARN_EMPTY_BODY = YES;
				CLANG_WARN_ENUM_CONVERSION = YES;
				CLANG_WARN_INFINITE_RECURSION = YES;
				CLANG_WARN_INT_CONVERSION = YES;
				CLANG_WARN_NON_LITERAL_NULL_CONVERSION = YES;
				CLANG_WARN_OBJC_IMPLICIT_RETAIN_SELF = YES;
				CLANG_WARN_OBJC_LITERAL_CONVERSION = YES;
				CLANG_WARN_OBJC_ROOT_CLASS = YES_ERROR;
				CLANG_WARN_QUOTED_INCLUDE_IN_FRAMEWORK_HEADER = YES;
				CLANG_WARN_RANGE_LOOP_ANALYSIS = YES;
				CLANG_WARN_STRICT_PROTOTYPES = YES;
				CLANG_WARN_SUSPICIOUS_MOVE = YES;
				CLANG_WARN_UNGUARDED_AVAILABILITY = YES_AGGRESSIVE;
				CLANG_WARN_UNREACHABLE_CODE = YES;
				CLANG_WARN__DUPLICATE_METHOD_MATCH = YES;
				COPY_PHASE_STRIP = NO;
				DEBUG_INFORMATION_FORMAT = "dwarf-with-dsym";
				ENABLE_NS_ASSERTIONS = NO;
				ENABLE_STRICT_OBJC_MSGSEND = YES;
				ENABLE_USER_SCRIPT_SANDBOXING = YES;
				GCC_C_LANGUAGE_STANDARD = gnu17;
				GCC_NO_COMMON_BLOCKS = YES;
				GCC_WARN_64_TO_32_BIT_CONVERSION = YES;
				GCC_WARN_ABOUT_RETURN_TYPE = YES_ERROR;
				GCC_WARN_UNDECLARED_SELECTOR = YES;
				GCC_WARN_UNINITIALIZED_AUTOS = YES_AGGRESSIVE;
				GCC_WARN_UNUSED_FUNCTION = YES;
				GCC_WARN_UNUSED_VARIABLE = YES;
				IPHONEOS_DEPLOYMENT_TARGET = 17.5;
				LOCALIZATION_PREFERS_STRING_CATALOGS = YES;
				MTL_ENABLE_DEBUG_INFO = NO;
				MTL_FAST_MATH = YES;
				SDKROOT = iphoneos;
				SWIFT_COMPILATION_MODE = wholemodule;
				VALIDATE_PRODUCT = YES;
			};
			name = Release;
		};
		CED74BE12C3ECC7B0094BA5F /* Debug */ = {
			isa = XCBuildConfiguration;
			buildSettings = {
				ASSETCATALOG_COMPILER_APPICON_NAME = AppIcon;
				ASSETCATALOG_COMPILER_GLOBAL_ACCENT_COLOR_NAME = AccentColor;
				CODE_SIGN_STYLE = Automatic;
				CURRENT_PROJECT_VERSION = 1;
				DEVELOPMENT_ASSET_PATHS = "\"Letter Quest/Preview Content\"";
				DEVELOPMENT_TEAM = 669C25TBH6;
				ENABLE_PREVIEWS = YES;
				GENERATE_INFOPLIST_FILE = YES;
				INFOPLIST_KEY_UIApplicationSceneManifest_Generation = YES;
				INFOPLIST_KEY_UIApplicationSupportsIndirectInputEvents = YES;
				INFOPLIST_KEY_UILaunchScreen_Generation = YES;
				INFOPLIST_KEY_UISupportedInterfaceOrientations_iPad = "UIInterfaceOrientationPortrait UIInterfaceOrientationPortraitUpsideDown UIInterfaceOrientationLandscapeLeft UIInterfaceOrientationLandscapeRight";
				INFOPLIST_KEY_UISupportedInterfaceOrientations_iPhone = "UIInterfaceOrientationPortrait UIInterfaceOrientationLandscapeLeft UIInterfaceOrientationLandscapeRight";
				LD_RUNPATH_SEARCH_PATHS = (
					"$(inherited)",
					"@executable_path/Frameworks",
				);
				MARKETING_VERSION = 1.0;
				PRODUCT_BUNDLE_IDENTIFIER = "com.tanishksahni.Letter-Quest";
				PRODUCT_NAME = "$(TARGET_NAME)";
				SWIFT_EMIT_LOC_STRINGS = YES;
				SWIFT_VERSION = 5.0;
				TARGETED_DEVICE_FAMILY = "1,2";
			};
			name = Debug;
		};
		CED74BE22C3ECC7B0094BA5F /* Release */ = {
			isa = XCBuildConfiguration;
			buildSettings = {
				ASSETCATALOG_COMPILER_APPICON_NAME = AppIcon;
				ASSETCATALOG_COMPILER_GLOBAL_ACCENT_COLOR_NAME = AccentColor;
				CODE_SIGN_STYLE = Automatic;
				CURRENT_PROJECT_VERSION = 1;
				DEVELOPMENT_ASSET_PATHS = "\"Letter Quest/Preview Content\"";
				DEVELOPMENT_TEAM = 669C25TBH6;
				ENABLE_PREVIEWS = YES;
				GENERATE_INFOPLIST_FILE = YES;
				INFOPLIST_KEY_UIApplicationSceneManifest_Generation = YES;
				INFOPLIST_KEY_UIApplicationSupportsIndirectInputEvents = YES;
				INFOPLIST_KEY_UILaunchScreen_Generation = YES;
				INFOPLIST_KEY_UISupportedInterfaceOrientations_iPad = "UIInterfaceOrientationPortrait UIInterfaceOrientationPortraitUpsideDown UIInterfaceOrientationLandscapeLeft UIInterfaceOrientationLandscapeRight";
				INFOPLIST_KEY_UISupportedInterfaceOrientations_iPhone = "UIInterfaceOrientationPortrait UIInterfaceOrientationLandscapeLeft UIInterfaceOrientationLandscapeRight";
				LD_RUNPATH_SEARCH_PATHS = (
					"$(inherited)",
					"@executable_path/Frameworks",
				);
				MARKETING_VERSION = 1.0;
				PRODUCT_BUNDLE_IDENTIFIER = "com.tanishksahni.Letter-Quest";
				PRODUCT_NAME = "$(TARGET_NAME)";
				SWIFT_EMIT_LOC_STRINGS = YES;
				SWIFT_VERSION = 5.0;
				TARGETED_DEVICE_FAMILY = "1,2";
			};
			name = Release;
		};
/* End XCBuildConfiguration section */

/* Begin XCConfigurationList section */
		CED74BCD2C3ECC7A0094BA5F /* Build configuration list for PBXProject "Letter Quest" */ = {
			isa = XCConfigurationList;
			buildConfigurations = (
				CED74BDE2C3ECC7B0094BA5F /* Debug */,
				CED74BDF2C3ECC7B0094BA5F /* Release */,
			);
			defaultConfigurationIsVisible = 0;
			defaultConfigurationName = Release;
		};
		CED74BE02C3ECC7B0094BA5F /* Build configuration list for PBXNativeTarget "Letter Quest" */ = {
			isa = XCConfigurationList;
			buildConfigurations = (
				CED74BE12C3ECC7B0094BA5F /* Debug */,
				CED74BE22C3ECC7B0094BA5F /* Release */,
			);
			defaultConfigurationIsVisible = 0;
			defaultConfigurationName = Release;
		};
/* End XCConfigurationList section */
	};
	rootObject = CED74BCA2C3ECC7A0094BA5F /* Project object */;
}
